
Microsoft Visual Studio Solution File, Format Version 12.00
# Visual Studio Version 16
VisualStudioVersion = 16.0.29728.190
MinimumVisualStudioVersion = 10.0.40219.1
Project("{FAE04EC0-301F-11D3-BF4B-00C04F79EFBC}") = "aşırı yüklenme", "aşırı yüklenme\aşırı yüklenme.csproj", "{378E604F-E0D1-469C-84F5-82E6D227F47B}"
EndProject
Global
	GlobalSection(SolutionConfigurationPlatforms) = preSolution
		Debug|Any CPU = Debug|Any CPU
		Release|Any CPU = Release|Any CPU
	EndGlobalSection
	GlobalSection(ProjectConfigurationPlatforms) = postSolution
		{378E604F-E0D1-469C-84F5-82E6D227F47B}.Debug|Any CPU.ActiveCfg = Debug|Any CPU
		{378E604F-E0D1-469C-84F5-82E6D227F47B}.Debug|Any CPU.Build.0 = Debug|Any CPU
		{378E604F-E0D1-469C-84F5-82E6D227F47B}.Release|Any CPU.ActiveCfg = Release|Any CPU
		{378E604F-E0D1-469C-84F5-82E6D227F47B}.Release|Any CPU.Build.0 = Release|Any CPU
	EndGlobalSection
	GlobalSection(SolutionProperties) = preSolution
		HideSolutionNode = FALSE
	EndGlobalSection
	GlobalSection(ExtensibilityGlobals) = postSolution
		SolutionGuid = {298CC1F9-BA98-41FE-BF9D-5DEBB246B64A}
	EndGlobalSection
EndGlobal
