
Microsoft Visual Studio Solution File, Format Version 12.00
# Visual Studio Version 16
VisualStudioVersion = 16.0.29728.190
MinimumVisualStudioVersion = 10.0.40219.1
Project("{FAE04EC0-301F-11D3-BF4B-00C04F79EFBC}") = "metotların taşması", "metotların taşması\metotların taşması.csproj", "{AB43F461-4734-406C-9CFE-239713881529}"
EndProject
Global
	GlobalSection(SolutionConfigurationPlatforms) = preSolution
		Debug|Any CPU = Debug|Any CPU
		Release|Any CPU = Release|Any CPU
	EndGlobalSection
	GlobalSection(ProjectConfigurationPlatforms) = postSolution
		{AB43F461-4734-406C-9CFE-239713881529}.Debug|Any CPU.ActiveCfg = Debug|Any CPU
		{AB43F461-4734-406C-9CFE-239713881529}.Debug|Any CPU.Build.0 = Debug|Any CPU
		{AB43F461-4734-406C-9CFE-239713881529}.Release|Any CPU.ActiveCfg = Release|Any CPU
		{AB43F461-4734-406C-9CFE-239713881529}.Release|Any CPU.Build.0 = Release|Any CPU
	EndGlobalSection
	GlobalSection(SolutionProperties) = preSolution
		HideSolutionNode = FALSE
	EndGlobalSection
	GlobalSection(ExtensibilityGlobals) = postSolution
		SolutionGuid = {A7092114-5895-4AD3-AAA5-3DF4B65F2886}
	EndGlobalSection
EndGlobal
