
Microsoft Visual Studio Solution File, Format Version 12.00
# Visual Studio Version 16
VisualStudioVersion = 16.0.31129.286
MinimumVisualStudioVersion = 10.0.40219.1
Project("{FAE04EC0-301F-11D3-BF4B-00C04F79EFBC}") = "191307026-OnurAkyıldızVizeÖdevi.txt", "191307026-OnurAkyıldızVizeÖdevi.txt\191307026-OnurAkyıldızVizeÖdevi.txt.csproj", "{770AC2A3-5DD4-4F34-837F-510D38592CAA}"
EndProject
Global
	GlobalSection(SolutionConfigurationPlatforms) = preSolution
		Debug|Any CPU = Debug|Any CPU
		Release|Any CPU = Release|Any CPU
	EndGlobalSection
	GlobalSection(ProjectConfigurationPlatforms) = postSolution
		{770AC2A3-5DD4-4F34-837F-510D38592CAA}.Debug|Any CPU.ActiveCfg = Debug|Any CPU
		{770AC2A3-5DD4-4F34-837F-510D38592CAA}.Debug|Any CPU.Build.0 = Debug|Any CPU
		{770AC2A3-5DD4-4F34-837F-510D38592CAA}.Release|Any CPU.ActiveCfg = Release|Any CPU
		{770AC2A3-5DD4-4F34-837F-510D38592CAA}.Release|Any CPU.Build.0 = Release|Any CPU
	EndGlobalSection
	GlobalSection(SolutionProperties) = preSolution
		HideSolutionNode = FALSE
	EndGlobalSection
	GlobalSection(ExtensibilityGlobals) = postSolution
		SolutionGuid = {760280CD-EAF2-476C-94CE-3B462D9293E3}
	EndGlobalSection
EndGlobal
