
Microsoft Visual Studio Solution File, Format Version 12.00
# Visual Studio Version 16
VisualStudioVersion = 16.0.29728.190
MinimumVisualStudioVersion = 10.0.40219.1
Project("{FAE04EC0-301F-11D3-BF4B-00C04F79EFBC}") = "class yapısı vol.3", "class yapısı vol.3\class yapısı vol.3.csproj", "{53558A7F-552C-4754-AFD2-77F946C21507}"
EndProject
Global
	GlobalSection(SolutionConfigurationPlatforms) = preSolution
		Debug|Any CPU = Debug|Any CPU
		Release|Any CPU = Release|Any CPU
	EndGlobalSection
	GlobalSection(ProjectConfigurationPlatforms) = postSolution
		{53558A7F-552C-4754-AFD2-77F946C21507}.Debug|Any CPU.ActiveCfg = Debug|Any CPU
		{53558A7F-552C-4754-AFD2-77F946C21507}.Debug|Any CPU.Build.0 = Debug|Any CPU
		{53558A7F-552C-4754-AFD2-77F946C21507}.Release|Any CPU.ActiveCfg = Release|Any CPU
		{53558A7F-552C-4754-AFD2-77F946C21507}.Release|Any CPU.Build.0 = Release|Any CPU
	EndGlobalSection
	GlobalSection(SolutionProperties) = preSolution
		HideSolutionNode = FALSE
	EndGlobalSection
	GlobalSection(ExtensibilityGlobals) = postSolution
		SolutionGuid = {6B1A920F-7B50-474B-AED6-3DECDFFFFADC}
	EndGlobalSection
EndGlobal
